// !$*UTF8*$!
{
	archiveVersion = 1;
	classes = {
	};
	objectVersion = 77;
	objects = {

/* Begin PBXContainerItemProxy section */
		3A38D7982F74157D00D8BF3F /* PBXContainerItemProxy */ = {
			isa = PBXContainerItemProxy;
			containerPortal = 3A38D7822F74157B00D8BF3F /* Project object */;
			proxyType = 1;
			remoteGlobalIDString = 3A38D7892F74157B00D8BF3F;
			remoteInfo = "osh-ios";
		};
		3A38D7A22F74157D00D8BF3F /* PBXContainerItemProxy */ = {
			isa = PBXContainerItemProxy;
			containerPortal = 3A38D7822F74157B00D8BF3F /* Project object */;
			proxyType = 1;
			remoteGlobalIDString = 3A38D7892F74157B00D8BF3F;
			remoteInfo = "osh-ios";
		};
/* End PBXContainerItemProxy section */

/* Begin PBXFileReference section */
		3A38D78A2F74157B00D8BF3F /* osh-ios.app */ = {isa = PBXFileReference; explicitFileType = wrapper.application; includeInIndex = 0; path = "osh-ios.app"; sourceTree = BUILT_PRODUCTS_DIR; };
		3A38D7972F74157D00D8BF3F /* osh-iosTests.xctest */ = {isa = PBXFileReference; explicitFileType = wrapper.cfbundle; includeInIndex = 0; path = "osh-iosTests.xctest"; sourceTree = BUILT_PRODUCTS_DIR; };
		3A38D7A12F74157D00D8BF3F /* osh-iosUITests.xctest */ = {isa = PBXFileReference; explicitFileType = wrapper.cfbundle; includeInIndex = 0; path = "osh-iosUITests.xctest"; sourceTree = BUILT_PRODUCTS_DIR; };
/* End PBXFileReference section */

/* Begin PBXFileSystemSynchronizedRootGroup section */
		3A0OSH0001000000000000001 /* OSHiOS */ = {
			isa = PBXFileSystemSynchronizedRootGroup;
			path = OSHiOS;
			sourceTree = "<group>";
		};
		3A38D78C2F74157B00D8BF3F /* osh-ios */ = {
			isa = PBXFileSystemSynchronizedRootGroup;
			path = "osh-ios";
			sourceTree = "<group>";
		};
		3A38D79A2F74157D00D8BF3F /* osh-iosTests */ = {
			isa = PBXFileSystemSynchronizedRootGroup;
			path = "osh-iosTests";
			sourceTree = "<group>";
		};
		3A38D7A42F74157D00D8BF3F /* osh-iosUITests */ = {
			isa = PBXFileSystemSynchronizedRootGroup;
			path = "osh-iosUITests";
			sourceTree = "<group>";
		};
/* End PBXFileSystemSynchronizedRootGroup section */

/* Begin PBXFrameworksBuildPhase section */
		3A38D7872F74157B00D8BF3F /* Frameworks */ = {
			isa = PBXFrameworksBuildPhase;
			buildActionMask = 2147483647;
			files = (
			);
			runOnlyForDeploymentPostprocessing = 0;
		};
		3A38D7942F74157D00D8BF3F /* Frameworks */ = {
			isa = PBXFrameworksBuildPhase;
			buildActionMask = 2147483647;
			files = (
			);
			runOnlyForDeploymentPostprocessing = 0;
		};
		3A38D79E2F74157D00D8BF3F /* Frameworks */ = {
			isa = PBXFrameworksBuildPhase;
			buildActionMask = 2147483647;
			files = (
			);
			runOnlyForDeploymentPostprocessing = 0;
		};
/* End PBXFrameworksBuildPhase section */

/* Begin PBXGroup section */
		3A38D7812F74157B00D8BF3F = {
			isa = PBXGroup;
			children = (
				3A38D78C2F74157B00D8BF3F /* osh-ios */,
				3A0OSH0001000000000000001 /* OSHiOS */,
				3A38D79A2F74157D00D8BF3F /* osh-iosTests */,
				3A38D7A42F74157D00D8BF3F /* osh-iosUITests */,
				3A38D78B2F74157B00D8BF3F /* Products */,
			);
			sourceTree = "<group>";
		};
		3A38D78B2F74157B00D8BF3F /* Products */ = {
			isa = PBXGroup;
			children = (
				3A38D78A2F74157B00D8BF3F /* osh-ios.app */,
				3A38D7972F74157D00D8BF3F /* osh-iosTests.xctest */,
				3A38D7A12F74157D00D8BF3F /* osh-iosUITests.xctest */,
			);
			name = Products;
			sourceTree = "<group>";
		};
/* End PBXGroup section */

/* Begin PBXNativeTarget section */
		3A38D7892F74157B00D8BF3F /* osh-ios */ = {
			isa = PBXNativeTarget;
			buildConfigurationList = 3A38D7AB2F74157D00D8BF3F /* Build configuration list for PBXNativeTarget "osh-ios" */;
			buildPhases = (
				3A38D7862F74157B00D8BF3F /* Sources */,
				3A38D7872F74157B00D8BF3F /* Frameworks */,
				3A38D7882F74157B00D8BF3F /* Resources */,
			);
			buildRules = (
			);
			dependencies = (
			);
			fileSystemSynchronizedGroups = (
				3A0OSH0001000000000000001 /* OSHiOS */,
				3A38D78C2F74157B00D8BF3F /* osh-ios */,
			);
			name = "osh-ios";
			packageProductDependencies = (
			);
			productName = "osh-ios";
			productReference = 3A38D78A2F74157B00D8BF3F /* osh-ios.app */;
			productType = "com.apple.product-type.application";
		};
		3A38D7962F74157D00D8BF3F /* osh-iosTests */ = {
			isa = PBXNativeTarget;
			buildConfigurationList = 3A38D7AE2F74157D00D8BF3F /* Build configuration list for PBXNativeTarget "osh-iosTests" */;
			buildPhases = (
				3A38D7932F74157D00D8BF3F /* Sources */,
				3A38D7942F74157D00D8BF3F /* Frameworks */,
				3A38D7952F74157D00D8BF3F /* Resources */,
			);
			buildRules = (
			);
			dependencies = (
				3A38D7992F74157D00D8BF3F /* PBXTargetDependency */,
			);
			fileSystemSynchronizedGroups = (
				3A38D79A2F74157D00D8BF3F /* osh-iosTests */,
			);
			name = "osh-iosTests";
			packageProductDependencies = (
			);
			productName = "osh-iosTests";
			productReference = 3A38D7972F74157D00D8BF3F /* osh-iosTests.xctest */;
			productType = "com.apple.product-type.bundle.unit-test";
		};
		3A38D7A02F74157D00D8BF3F /* osh-iosUITests */ = {
			isa = PBXNativeTarget;
			buildConfigurationList = 3A38D7B12F74157D00D8BF3F /* Build configuration list for PBXNativeTarget "osh-iosUITests" */;
			buildPhases = (
				3A38D79D2F74157D00D8BF3F /* Sources */,
				3A38D79E2F74157D00D8BF3F /* Frameworks */,
				3A38D79F2F74157D00D8BF3F /* Resources */,
			);
			buildRules = (
			);
			dependencies = (
				3A38D7A32F74157D00D8BF3F /* PBXTargetDependency */,
			);
			fileSystemSynchronizedGroups = (
				3A38D7A42F74157D00D8BF3F /* osh-iosUITests */,
			);
			name = "osh-iosUITests";
			packageProductDependencies = (
			);
			productName = "osh-iosUITests";
			productReference = 3A38D7A12F74157D00D8BF3F /* osh-iosUITests.xctest */;
			productType = "com.apple.product-type.bundle.ui-testing";
		};
/* End PBXNativeTarget section */

/* Begin PBXProject section */
		3A38D7822F74157B00D8BF3F /* Project object */ = {
			isa = PBXProject;
			attributes = {
				BuildIndependentTargetsInParallel = 1;
				LastSwiftUpdateCheck = 1640;
				LastUpgradeCheck = 1640;
				TargetAttributes = {
					3A38D7892F74157B00D8BF3F = {
						CreatedOnToolsVersion = 16.4;
					};
					3A38D7962F74157D00D8BF3F = {
						CreatedOnToolsVersion = 16.4;
						TestTargetID = 3A38D7892F74157B00D8BF3F;
					};
					3A38D7A02F74157D00D8BF3F = {
						CreatedOnToolsVersion = 16.4;
						TestTargetID = 3A38D7892F74157B00D8BF3F;
					};
				};
			};
			buildConfigurationList = 3A38D7852F74157B00D8BF3F /* Build configuration list for PBXProject "osh-ios" */;
			developmentRegion = en;
			hasScannedForEncodings = 0;
			knownRegions = (
				en,
				Base,
			);
			mainGroup = 3A38D7812F74157B00D8BF3F;
			minimizedProjectReferenceProxies = 1;
			preferredProjectObjectVersion = 77;
			productRefGroup = 3A38D78B2F74157B00D8BF3F /* Products */;
			projectDirPath = "";
			projectRoot = "";
			targets = (
				3A38D7892F74157B00D8BF3F /* osh-ios */,
				3A38D7962F74157D00D8BF3F /* osh-iosTests */,
				3A38D7A02F74157D00D8BF3F /* osh-iosUITests */,
			);
		};
/* End PBXProject section */

/* Begin PBXResourcesBuildPhase section */
		3A38D7882F74157B00D8BF3F /* Resources */ = {
			isa = PBXResourcesBuildPhase;
			buildActionMask = 2147483647;
			files = (
			);
			runOnlyForDeploymentPostprocessing = 0;
		};
		3A38D7952F74157D00D8BF3F /* Resources */ = {
			isa = PBXResourcesBuildPhase;
			buildActionMask = 2147483647;
			files = (
			);
			runOnlyForDeploymentPostprocessing = 0;
		};
		3A38D79F2F74157D00D8BF3F /* Resources */ = {
			isa = PBXResourcesBuildPhase;
			buildActionMask = 2147483647;
			files = (
			);
			runOnlyForDeploymentPostprocessing = 0;
		};
/* End PBXResourcesBuildPhase section */

/* Begin PBXSourcesBuildPhase section */
		3A38D7862F74157B00D8BF3F /* Sources */ = {
			isa = PBXSourcesBuildPhase;
			buildActionMask = 2147483647;
			files = (
			);
			runOnlyForDeploymentPostprocessing = 0;
		};
		3A38D7932F74157D00D8BF3F /* Sources */ = {
			isa = PBXSourcesBuildPhase;
			buildActionMask = 2147483647;
			files = (
			);
			runOnlyForDeploymentPostprocessing = 0;
		};
		3A38D79D2F74157D00D8BF3F /* Sources */ = {
			isa = PBXSourcesBuildPhase;
			buildActionMask = 2147483647;
			files = (
			);
			runOnlyForDeploymentPostprocessing = 0;
		};
/* End PBXSourcesBuildPhase section */

/* Begin PBXTargetDependency section */
		3A38D7992F74157D00D8BF3F /* PBXTargetDependency */ = {
			isa = PBXTargetDependency;
			target = 3A38D7892F74157B00D8BF3F /* osh-ios */;
			targetProxy = 3A38D7982F74157D00D8BF3F /* PBXContainerItemProxy */;
		};
		3A38D7A32F74157D00D8BF3F /* PBXTargetDependency */ = {
			isa = PBXTargetDependency;
			target = 3A38D7892F74157B00D8BF3F /* osh-ios */;
			targetProxy = 3A38D7A22F74157D00D8BF3F /* PBXContainerItemProxy */;
		};
/* End PBXTargetDependency section */

/* Begin XCBuildConfiguration section */
		3A38D7A92F74157D00D8BF3F /* Debug */ = {
			isa = XCBuildConfiguration;
			buildSettings = {
				ALWAYS_SEARCH_USER_PATHS = NO;
				ASSETCATALOG_COMPILER_GENERATE_SWIFT_ASSET_SYMBOL_EXTENSIONS = YES;
				CLANG_ANALYZER_NONNULL = YES;
				CLANG_ANALYZER_NUMBER_OBJECT_CONVERSION = YES_AGGRESSIVE;
				CLANG_CXX_LANGUAGE_STANDARD = "gnu++20";
				CLANG_ENABLE_MODULES = YES;
				CLANG_ENABLE_OBJC_ARC = YES;
				CLANG_ENABLE_OBJC_WEAK = YES;
				CLANG_WARN_BLOCK_CAPTURE_AUTORELEASING = YES;
				CLANG_WARN_BOOL_CONVERSION = YES;
				CLANG_WARN_COMMA = YES;
				CLANG_WARN_CONSTANT_CONVERSION = YES;
				CLANG_WARN_DEPRECATED_OBJC_IMPLEMENTATIONS = YES;
				CLANG_WARN_DIRECT_OBJC_ISA_USAGE = YES_ERROR;
				CLANG_WARN_DOCUMENTATION_COMMENTS = YES;
				CLANG_WARN_EMPTY_BODY = YES;
				CLANG_WARN_ENUM_CONVERSION = YES;
				CLANG_WARN_INFINITE_RECURSION = YES;
				CLANG_WARN_INT_CONVERSION = YES;
				CLANG_WARN_NON_LITERAL_NULL_CONVERSION = YES;
				CLANG_WARN_OBJC_IMPLICIT_RETAIN_SELF = YES;
				CLANG_WARN_OBJC_LITERAL_CONVERSION = YES;
				CLANG_WARN_OBJC_ROOT_CLASS = YES_ERROR;
				CLANG_WARN_QUOTED_INCLUDE_IN_FRAMEWORK_HEADER = YES;
				CLANG_WARN_RANGE_LOOP_ANALYSIS = YES;
				CLANG_WARN_STRICT_PROTOTYPES = YES;
				CLANG_WARN_SUSPICIOUS_MOVE = YES;
				CLANG_WARN_UNGUARDED_AVAILABILITY = YES_AGGRESSIVE;
				CLANG_WARN_UNREACHABLE_CODE = YES;
				CLANG_WARN__DUPLICATE_METHOD_MATCH = YES;
				COPY_PHASE_STRIP = NO;
				DEBUG_INFORMATION_FORMAT = dwarf;
				ENABLE_STRICT_OBJC_MSGSEND = YES;
				ENABLE_TESTABILITY = YES;
				ENABLE_USER_SCRIPT_SANDBOXING = YES;
				GCC_C_LANGUAGE_STANDARD = gnu17;
				GCC_DYNAMIC_NO_PIC = NO;
				GCC_NO_COMMON_BLOCKS = YES;
				GCC_OPTIMIZATION_LEVEL = 0;
				GCC_PREPROCESSOR_DEFINITIONS = (
					"DEBUG=1",
					"$(inherited)",
				);
				GCC_WARN_64_TO_32_BIT_CONVERSION = YES;
				GCC_WARN_ABOUT_RETURN_TYPE = YES_ERROR;
				GCC_WARN_UNDECLARED_SELECTOR = YES;
				GCC_WARN_UNINITIALIZED_AUTOS = YES_AGGRESSIVE;
				GCC_WARN_UNUSED_FUNCTION = YES;
				GCC_WARN_UNUSED_VARIABLE = YES;
				IPHONEOS_DEPLOYMENT_TARGET = 18.5;
				LOCALIZATION_PREFERS_STRING_CATALOGS = YES;
				MTL_ENABLE_DEBUG_INFO = INCLUDE_SOURCE;
				MTL_FAST_MATH = YES;
				ONLY_ACTIVE_ARCH = YES;
				SDKROOT = iphoneos;
				SWIFT_ACTIVE_COMPILATION_CONDITIONS = "DEBUG $(inherited)";
				SWIFT_OPTIMIZATION_LEVEL = "-Onone";
			};
			name = Debug;
		};
		3A38D7AA2F74157D00D8BF3F /* Release */ = {
			isa = XCBuildConfiguration;
			buildSettings = {
				ALWAYS_SEARCH_USER_PATHS = NO;
				ASSETCATALOG_COMPILER_GENERATE_SWIFT_ASSET_SYMBOL_EXTENSIONS = YES;
				CLANG_ANALYZER_NONNULL = YES;
				CLANG_ANALYZER_NUMBER_OBJECT_CONVERSION = YES_AGGRESSIVE;
				CLANG_CXX_LANGUAGE_STANDARD = "gnu++20";
				CLANG_ENABLE_MODULES = YES;
				CLANG_ENABLE_OBJC_ARC = YES;
				CLANG_ENABLE_OBJC_WEAK = YES;
				CLANG_WARN_BLOCK_CAPTURE_AUTORELEASING = YES;
				CLANG_WARN_BOOL_CONVERSION = YES;
				CLANG_WARN_COMMA = YES;
				CLANG_WARN_CONSTANT_CONVERSION = YES;
				CLANG_WARN_DEPRECATED_OBJC_IMPLEMENTATIONS = YES;
				CLANG_WARN_DIRECT_OBJC_ISA_USAGE = YES_ERROR;
				CLANG_WARN_DOCUMENTATION_COMMENTS = YES;
				CLANG_WARN_EMPTY_BODY = YES;
				CLANG_WARN_ENUM_CONVERSION = YES;
				CLANG_WARN_INFINITE_RECURSION = YES;
				CLANG_WARN_INT_CONVERSION = YES;
				CLANG_WARN_NON_LITERAL_NULL_CONVERSION = YES;
				CLANG_WARN_OBJC_IMPLICIT_RETAIN_SELF = YES;
				CLANG_WARN_OBJC_LITERAL_CONVERSION = YES;
				CLANG_WARN_OBJC_ROOT_CLASS = YES_ERROR;
				CLANG_WARN_QUOTED_INCLUDE_IN_FRAMEWORK_HEADER = YES;
				CLANG_WARN_RANGE_LOOP_ANALYSIS = YES;
				CLANG_WARN_STRICT_PROTOTYPES = YES;
				CLANG_WARN_SUSPICIOUS_MOVE = YES;
				CLANG_WARN_UNGUARDED_AVAILABILITY = YES_AGGRESSIVE;
				CLANG_WARN_UNREACHABLE_CODE = YES;
				CLANG_WARN__DUPLICATE_METHOD_MATCH = YES;
				COPY_PHASE_STRIP = NO;
				DEBUG_INFORMATION_FORMAT = "dwarf-with-dsym";
				ENABLE_NS_ASSERTIONS = NO;
				ENABLE_STRICT_OBJC_MSGSEND = YES;
				ENABLE_USER_SCRIPT_SANDBOXING = YES;
				GCC_C_LANGUAGE_STANDARD = gnu17;
				GCC_NO_COMMON_BLOCKS = YES;
				GCC_WARN_64_TO_32_BIT_CONVERSION = YES;
				GCC_WARN_ABOUT_RETURN_TYPE = YES_ERROR;
				GCC_WARN_UNDECLARED_SELECTOR = YES;
				GCC_WARN_UNINITIALIZED_AUTOS = YES_AGGRESSIVE;
				GCC_WARN_UNUSED_FUNCTION = YES;
				GCC_WARN_UNUSED_VARIABLE = YES;
				IPHONEOS_DEPLOYMENT_TARGET = 18.5;
				LOCALIZATION_PREFERS_STRING_CATALOGS = YES;
				MTL_ENABLE_DEBUG_INFO = NO;
				MTL_FAST_MATH = YES;
				SDKROOT = iphoneos;
				SWIFT_COMPILATION_MODE = wholemodule;
				VALIDATE_PRODUCT = YES;
			};
			name = Release;
		};
		3A38D7AC2F74157D00D8BF3F /* Debug */ = {
			isa = XCBuildConfiguration;
			buildSettings = {
				ASSETCATALOG_COMPILER_APPICON_NAME = AppIcon;
				ASSETCATALOG_COMPILER_GLOBAL_ACCENT_COLOR_NAME = AccentColor;
				CODE_SIGN_STYLE = Automatic;
				CURRENT_PROJECT_VERSION = 1;
				DEVELOPMENT_TEAM = 8B548M8H4W;
				ENABLE_PREVIEWS = YES;
				GENERATE_INFOPLIST_FILE = YES;
				INFOPLIST_KEY_NSCameraUsageDescription = "OSH needs camera access to stream video to a Connected Systems server.";
				INFOPLIST_KEY_NSLocationWhenInUseUsageDescription = "OSH needs location access to stream GPS data to a Connected Systems server.";
				INFOPLIST_KEY_NSMicrophoneUsageDescription = "Used to capture ambient sound level data for streaming to a Connected Systems server.";
				INFOPLIST_KEY_NSMotionUsageDescription = "OSH needs motion access to stream orientation data to a Connected Systems server.";
				INFOPLIST_KEY_UIApplicationSceneManifest_Generation = YES;
				INFOPLIST_KEY_UIApplicationSupportsIndirectInputEvents = YES;
				INFOPLIST_KEY_UILaunchScreen_Generation = YES;
				INFOPLIST_KEY_UISupportedInterfaceOrientations_iPad = "UIInterfaceOrientationPortrait UIInterfaceOrientationPortraitUpsideDown UIInterfaceOrientationLandscapeLeft UIInterfaceOrientationLandscapeRight";
				INFOPLIST_KEY_UISupportedInterfaceOrientations_iPhone = "UIInterfaceOrientationPortrait UIInterfaceOrientationLandscapeLeft UIInterfaceOrientationLandscapeRight";
				LD_RUNPATH_SEARCH_PATHS = (
					"$(inherited)",
					"@executable_path/Frameworks",
				);
				MARKETING_VERSION = 1.0;
				PRODUCT_BUNDLE_IDENTIFIER = "org.opensensorhub.osh-ios";
				PRODUCT_NAME = "$(TARGET_NAME)";
				SWIFT_EMIT_LOC_STRINGS = YES;
				SWIFT_VERSION = 5.0;
				TARGETED_DEVICE_FAMILY = "1,2";
			};
			name = Debug;
		};
		3A38D7AD2F74157D00D8BF3F /* Release */ = {
			isa = XCBuildConfiguration;
			buildSettings = {
				ASSETCATALOG_COMPILER_APPICON_NAME = AppIcon;
				ASSETCATALOG_COMPILER_GLOBAL_ACCENT_COLOR_NAME = AccentColor;
				CODE_SIGN_STYLE = Automatic;
				CURRENT_PROJECT_VERSION = 1;
				DEVELOPMENT_TEAM = 8B548M8H4W;
				ENABLE_PREVIEWS = YES;
				GENERATE_INFOPLIST_FILE = YES;
				INFOPLIST_KEY_NSCameraUsageDescription = "OSH needs camera access to stream video to a Connected Systems server.";
				INFOPLIST_KEY_NSLocationWhenInUseUsageDescription = "OSH needs location access to stream GPS data to a Connected Systems server.";
				INFOPLIST_KEY_NSMicrophoneUsageDescription = "Used to capture ambient sound level data for streaming to a Connected Systems server.";
				INFOPLIST_KEY_NSMotionUsageDescription = "OSH needs motion access to stream orientation data to a Connected Systems server.";
				INFOPLIST_KEY_UIApplicationSceneManifest_Generation = YES;
				INFOPLIST_KEY_UIApplicationSupportsIndirectInputEvents = YES;
				INFOPLIST_KEY_UILaunchScreen_Generation = YES;
				INFOPLIST_KEY_UISupportedInterfaceOrientations_iPad = "UIInterfaceOrientationPortrait UIInterfaceOrientationPortraitUpsideDown UIInterfaceOrientationLandscapeLeft UIInterfaceOrientationLandscapeRight";
				INFOPLIST_KEY_UISupportedInterfaceOrientations_iPhone = "UIInterfaceOrientationPortrait UIInterfaceOrientationLandscapeLeft UIInterfaceOrientationLandscapeRight";
				LD_RUNPATH_SEARCH_PATHS = (
					"$(inherited)",
					"@executable_path/Frameworks",
				);
				MARKETING_VERSION = 1.0;
				PRODUCT_BUNDLE_IDENTIFIER = "org.opensensorhub.osh-ios";
				PRODUCT_NAME = "$(TARGET_NAME)";
				SWIFT_EMIT_LOC_STRINGS = YES;
				SWIFT_VERSION = 5.0;
				TARGETED_DEVICE_FAMILY = "1,2";
			};
			name = Release;
		};
		3A38D7AF2F74157D00D8BF3F /* Debug */ = {
			isa = XCBuildConfiguration;
			buildSettings = {
				BUNDLE_LOADER = "$(TEST_HOST)";
				CODE_SIGN_STYLE = Automatic;
				CURRENT_PROJECT_VERSION = 1;
				GENERATE_INFOPLIST_FILE = YES;
				IPHONEOS_DEPLOYMENT_TARGET = 18.5;
				MARKETING_VERSION = 1.0;
				PRODUCT_BUNDLE_IDENTIFIER = "org.opensensorhub.osh-iosTests";
				PRODUCT_NAME = "$(TARGET_NAME)";
				SWIFT_EMIT_LOC_STRINGS = NO;
				SWIFT_VERSION = 5.0;
				TARGETED_DEVICE_FAMILY = "1,2";
				TEST_HOST = "$(BUILT_PRODUCTS_DIR)/osh-ios.app/$(BUNDLE_EXECUTABLE_FOLDER_PATH)/osh-ios";
			};
			name = Debug;
		};
		3A38D7B02F74157D00D8BF3F /* Release */ = {
			isa = XCBuildConfiguration;
			buildSettings = {
				BUNDLE_LOADER = "$(TEST_HOST)";
				CODE_SIGN_STYLE = Automatic;
				CURRENT_PROJECT_VERSION = 1;
				GENERATE_INFOPLIST_FILE = YES;
				IPHONEOS_DEPLOYMENT_TARGET = 18.5;
				MARKETING_VERSION = 1.0;
				PRODUCT_BUNDLE_IDENTIFIER = "org.opensensorhub.osh-iosTests";
				PRODUCT_NAME = "$(TARGET_NAME)";
				SWIFT_EMIT_LOC_STRINGS = NO;
				SWIFT_VERSION = 5.0;
				TARGETED_DEVICE_FAMILY = "1,2";
				TEST_HOST = "$(BUILT_PRODUCTS_DIR)/osh-ios.app/$(BUNDLE_EXECUTABLE_FOLDER_PATH)/osh-ios";
			};
			name = Release;
		};
		3A38D7B22F74157D00D8BF3F /* Debug */ = {
			isa = XCBuildConfiguration;
			buildSettings = {
				CODE_SIGN_STYLE = Automatic;
				CURRENT_PROJECT_VERSION = 1;
				GENERATE_INFOPLIST_FILE = YES;
				MARKETING_VERSION = 1.0;
				PRODUCT_BUNDLE_IDENTIFIER = "org.opensensorhub.osh-iosUITests";
				PRODUCT_NAME = "$(TARGET_NAME)";
				SWIFT_EMIT_LOC_STRINGS = NO;
				SWIFT_VERSION = 5.0;
				TARGETED_DEVICE_FAMILY = "1,2";
				TEST_TARGET_NAME = "osh-ios";
			};
			name = Debug;
		};
		3A38D7B32F74157D00D8BF3F /* Release */ = {
			isa = XCBuildConfiguration;
			buildSettings = {
				CODE_SIGN_STYLE = Automatic;
				CURRENT_PROJECT_VERSION = 1;
				GENERATE_INFOPLIST_FILE = YES;
				MARKETING_VERSION = 1.0;
				PRODUCT_BUNDLE_IDENTIFIER = "org.opensensorhub.osh-iosUITests";
				PRODUCT_NAME = "$(TARGET_NAME)";
				SWIFT_EMIT_LOC_STRINGS = NO;
				SWIFT_VERSION = 5.0;
				TARGETED_DEVICE_FAMILY = "1,2";
				TEST_TARGET_NAME = "osh-ios";
			};
			name = Release;
		};
/* End XCBuildConfiguration section */

/* Begin XCConfigurationList section */
		3A38D7852F74157B00D8BF3F /* Build configuration list for PBXProject "osh-ios" */ = {
			isa = XCConfigurationList;
			buildConfigurations = (
				3A38D7A92F74157D00D8BF3F /* Debug */,
				3A38D7AA2F74157D00D8BF3F /* Release */,
			);
			defaultConfigurationIsVisible = 0;
			defaultConfigurationName = Release;
		};
		3A38D7AB2F74157D00D8BF3F /* Build configuration list for PBXNativeTarget "osh-ios" */ = {
			isa = XCConfigurationList;
			buildConfigurations = (
				3A38D7AC2F74157D00D8BF3F /* Debug */,
				3A38D7AD2F74157D00D8BF3F /* Release */,
			);
			defaultConfigurationIsVisible = 0;
			defaultConfigurationName = Release;
		};
		3A38D7AE2F74157D00D8BF3F /* Build configuration list for PBXNativeTarget "osh-iosTests" */ = {
			isa = XCConfigurationList;
			buildConfigurations = (
				3A38D7AF2F74157D00D8BF3F /* Debug */,
				3A38D7B02F74157D00D8BF3F /* Release */,
			);
			defaultConfigurationIsVisible = 0;
			defaultConfigurationName = Release;
		};
		3A38D7B12F74157D00D8BF3F /* Build configuration list for PBXNativeTarget "osh-iosUITests" */ = {
			isa = XCConfigurationList;
			buildConfigurations = (
				3A38D7B22F74157D00D8BF3F /* Debug */,
				3A38D7B32F74157D00D8BF3F /* Release */,
			);
			defaultConfigurationIsVisible = 0;
			defaultConfigurationName = Release;
		};
/* End XCConfigurationList section */
	};
	rootObject = 3A38D7822F74157B00D8BF3F /* Project object */;
}
